{
  "name": "info-class-svg",
  "version": "1.0.0",
  "lockfileVersion": 3,
  "requires": true,
  "packages": {
    "": {
      "name": "info-class-svg",
      "version": "1.0.0",
      "license": "ISC",
      "dependencies": {
        "@tabler/icons": "^3.37.1",
        "lucide-static": "^0.575.0"
      }
    },
    "node_modules/@tabler/icons": {
      "version": "3.37.1",
      "resolved": "https://registry.npmjs.org/@tabler/icons/-/icons-3.37.1.tgz",
      "integrity": "sha512-neLCWkuyNHEPXCyYu6nbN4S3g/59BTa4qyITAugYVpq1YzYNDOZooW7/vRWH98ZItXAudxdKU8muFT7y1PqzuA==",
      "license": "MIT",
      "funding": {
        "type": "github",
        "url": "https://github.com/sponsors/codecalm"
      }
    },
    "node_modules/lucide-static": {
      "version": "0.575.0",
      "resolved": "https://registry.npmjs.org/lucide-static/-/lucide-static-0.575.0.tgz",
      "integrity": "sha512-XbHfIufz9ZDW6iLjUphffUmcEWg6gLjufIQOb6heDjYZCRk+ePRbkp8Ax/Rq3Ek4OkT8tyBO/gTCOPDvFMuC4w==",
      "license": "ISC"
    }
  }
}
